
Microsoft Visual Studio Solution File, Format Version 12.00
# Visual Studio Version 18
VisualStudioVersion = 18.8.12009.203
MinimumVisualStudioVersion = 10.0.40219.1
Project("{2150E333-8FDC-42A3-9474-1A3956D46DE8}") = "Solution Items", "Solution Items", "{4F6F7576-E5E7-4A38-9414-F2BB2F6AA961}"
	ProjectSection(SolutionItems) = preProject
		Dockerfile = Dockerfile
	EndProjectSection
EndProject
Project("{2150E333-8FDC-42A3-9474-1A3956D46DE8}") = "Security", "Security", "{4FD5FBA0-2B6D-9AF0-80AB-924D53C1394D}"
EndProject
Project("{2150E333-8FDC-42A3-9474-1A3956D46DE8}") = "Auth", "Auth", "{19986886-4EBC-1937-E965-174EEE62B96F}"
EndProject
Project("{FAE04EC0-301F-11D3-BF4B-00C04F79EFBC}") = "AuthService.API", "Security\Auth\AuthService.API\AuthService.API.csproj", "{5C969235-BD87-4F8B-9889-00DBF750F866}"
EndProject
Project("{2150E333-8FDC-42A3-9474-1A3956D46DE8}") = "Payment", "Payment", "{BC32782B-3DC9-3934-259F-F436AC525407}"
EndProject
Project("{FAE04EC0-301F-11D3-BF4B-00C04F79EFBC}") = "PaymentService.API", "Payment\PaymentService.API\PaymentService.API.csproj", "{0FA8522F-7782-4B04-B100-88EE9216FC72}"
EndProject
Project("{FAE04EC0-301F-11D3-BF4B-00C04F79EFBC}") = "PaymentService.Application", "Payment\PaymentService.Application\PaymentService.Application.csproj", "{2E41F1A2-82D7-495A-A56E-4D44A9871667}"
EndProject
Project("{FAE04EC0-301F-11D3-BF4B-00C04F79EFBC}") = "PaymentService.Domain", "Payment\PaymentService.Domain\PaymentService.Domain.csproj", "{662163D1-159A-4579-91BA-7F807F2E5808}"
EndProject
Project("{FAE04EC0-301F-11D3-BF4B-00C04F79EFBC}") = "PaymentService.Infrastructure", "Payment\PaymentService.Infrastructure\PaymentService.Infrastructure.csproj", "{52A1764E-1A57-445E-AEBE-BA3C71E74A15}"
EndProject
Project("{FAE04EC0-301F-11D3-BF4B-00C04F79EFBC}") = "PaymentService.Tests", "Payment\PaymentService.Tests\PaymentService.Tests.csproj", "{2DB63A0E-61CD-4612-BB19-89A4A80D4FD0}"
EndProject
Global
	GlobalSection(SolutionConfigurationPlatforms) = preSolution
		Debug|Any CPU = Debug|Any CPU
		Debug|x64 = Debug|x64
		Debug|x86 = Debug|x86
		Release|Any CPU = Release|Any CPU
		Release|x64 = Release|x64
		Release|x86 = Release|x86
	EndGlobalSection
	GlobalSection(ProjectConfigurationPlatforms) = postSolution
		{5C969235-BD87-4F8B-9889-00DBF750F866}.Debug|Any CPU.ActiveCfg = Debug|Any CPU
		{5C969235-BD87-4F8B-9889-00DBF750F866}.Debug|Any CPU.Build.0 = Debug|Any CPU
		{5C969235-BD87-4F8B-9889-00DBF750F866}.Debug|x64.ActiveCfg = Debug|Any CPU
		{5C969235-BD87-4F8B-9889-00DBF750F866}.Debug|x64.Build.0 = Debug|Any CPU
		{5C969235-BD87-4F8B-9889-00DBF750F866}.Debug|x86.ActiveCfg = Debug|Any CPU
		{5C969235-BD87-4F8B-9889-00DBF750F866}.Debug|x86.Build.0 = Debug|Any CPU
		{5C969235-BD87-4F8B-9889-00DBF750F866}.Release|Any CPU.ActiveCfg = Release|Any CPU
		{5C969235-BD87-4F8B-9889-00DBF750F866}.Release|Any CPU.Build.0 = Release|Any CPU
		{5C969235-BD87-4F8B-9889-00DBF750F866}.Release|x64.ActiveCfg = Release|Any CPU
		{5C969235-BD87-4F8B-9889-00DBF750F866}.Release|x64.Build.0 = Release|Any CPU
		{5C969235-BD87-4F8B-9889-00DBF750F866}.Release|x86.ActiveCfg = Release|Any CPU
		{5C969235-BD87-4F8B-9889-00DBF750F866}.Release|x86.Build.0 = Release|Any CPU
		{0FA8522F-7782-4B04-B100-88EE9216FC72}.Debug|Any CPU.ActiveCfg = Debug|Any CPU
		{0FA8522F-7782-4B04-B100-88EE9216FC72}.Debug|Any CPU.Build.0 = Debug|Any CPU
		{0FA8522F-7782-4B04-B100-88EE9216FC72}.Debug|x64.ActiveCfg = Debug|Any CPU
		{0FA8522F-7782-4B04-B100-88EE9216FC72}.Debug|x64.Build.0 = Debug|Any CPU
		{0FA8522F-7782-4B04-B100-88EE9216FC72}.Debug|x86.ActiveCfg = Debug|Any CPU
		{0FA8522F-7782-4B04-B100-88EE9216FC72}.Debug|x86.Build.0 = Debug|Any CPU
		{0FA8522F-7782-4B04-B100-88EE9216FC72}.Release|Any CPU.ActiveCfg = Release|Any CPU
		{0FA8522F-7782-4B04-B100-88EE9216FC72}.Release|Any CPU.Build.0 = Release|Any CPU
		{0FA8522F-7782-4B04-B100-88EE9216FC72}.Release|x64.ActiveCfg = Release|Any CPU
		{0FA8522F-7782-4B04-B100-88EE9216FC72}.Release|x64.Build.0 = Release|Any CPU
		{0FA8522F-7782-4B04-B100-88EE9216FC72}.Release|x86.ActiveCfg = Release|Any CPU
		{0FA8522F-7782-4B04-B100-88EE9216FC72}.Release|x86.Build.0 = Release|Any CPU
		{2E41F1A2-82D7-495A-A56E-4D44A9871667}.Debug|Any CPU.ActiveCfg = Debug|Any CPU
		{2E41F1A2-82D7-495A-A56E-4D44A9871667}.Debug|Any CPU.Build.0 = Debug|Any CPU
		{2E41F1A2-82D7-495A-A56E-4D44A9871667}.Debug|x64.ActiveCfg = Debug|Any CPU
		{2E41F1A2-82D7-495A-A56E-4D44A9871667}.Debug|x64.Build.0 = Debug|Any CPU
		{2E41F1A2-82D7-495A-A56E-4D44A9871667}.Debug|x86.ActiveCfg = Debug|Any CPU
		{2E41F1A2-82D7-495A-A56E-4D44A9871667}.Debug|x86.Build.0 = Debug|Any CPU
		{2E41F1A2-82D7-495A-A56E-4D44A9871667}.Release|Any CPU.ActiveCfg = Release|Any CPU
		{2E41F1A2-82D7-495A-A56E-4D44A9871667}.Release|Any CPU.Build.0 = Release|Any CPU
		{2E41F1A2-82D7-495A-A56E-4D44A9871667}.Release|x64.ActiveCfg = Release|Any CPU
		{2E41F1A2-82D7-495A-A56E-4D44A9871667}.Release|x64.Build.0 = Release|Any CPU
		{2E41F1A2-82D7-495A-A56E-4D44A9871667}.Release|x86.ActiveCfg = Release|Any CPU
		{2E41F1A2-82D7-495A-A56E-4D44A9871667}.Release|x86.Build.0 = Release|Any CPU
		{662163D1-159A-4579-91BA-7F807F2E5808}.Debug|Any CPU.ActiveCfg = Debug|Any CPU
		{662163D1-159A-4579-91BA-7F807F2E5808}.Debug|Any CPU.Build.0 = Debug|Any CPU
		{662163D1-159A-4579-91BA-7F807F2E5808}.Debug|x64.ActiveCfg = Debug|Any CPU
		{662163D1-159A-4579-91BA-7F807F2E5808}.Debug|x64.Build.0 = Debug|Any CPU
		{662163D1-159A-4579-91BA-7F807F2E5808}.Debug|x86.ActiveCfg = Debug|Any CPU
		{662163D1-159A-4579-91BA-7F807F2E5808}.Debug|x86.Build.0 = Debug|Any CPU
		{662163D1-159A-4579-91BA-7F807F2E5808}.Release|Any CPU.ActiveCfg = Release|Any CPU
		{662163D1-159A-4579-91BA-7F807F2E5808}.Release|Any CPU.Build.0 = Release|Any CPU
		{662163D1-159A-4579-91BA-7F807F2E5808}.Release|x64.ActiveCfg = Release|Any CPU
		{662163D1-159A-4579-91BA-7F807F2E5808}.Release|x64.Build.0 = Release|Any CPU
		{662163D1-159A-4579-91BA-7F807F2E5808}.Release|x86.ActiveCfg = Release|Any CPU
		{662163D1-159A-4579-91BA-7F807F2E5808}.Release|x86.Build.0 = Release|Any CPU
		{52A1764E-1A57-445E-AEBE-BA3C71E74A15}.Debug|Any CPU.ActiveCfg = Debug|Any CPU
		{52A1764E-1A57-445E-AEBE-BA3C71E74A15}.Debug|Any CPU.Build.0 = Debug|Any CPU
		{52A1764E-1A57-445E-AEBE-BA3C71E74A15}.Debug|x64.ActiveCfg = Debug|Any CPU
		{52A1764E-1A57-445E-AEBE-BA3C71E74A15}.Debug|x64.Build.0 = Debug|Any CPU
		{52A1764E-1A57-445E-AEBE-BA3C71E74A15}.Debug|x86.ActiveCfg = Debug|Any CPU
		{52A1764E-1A57-445E-AEBE-BA3C71E74A15}.Debug|x86.Build.0 = Debug|Any CPU
		{52A1764E-1A57-445E-AEBE-BA3C71E74A15}.Release|Any CPU.ActiveCfg = Release|Any CPU
		{52A1764E-1A57-445E-AEBE-BA3C71E74A15}.Release|Any CPU.Build.0 = Release|Any CPU
		{52A1764E-1A57-445E-AEBE-BA3C71E74A15}.Release|x64.ActiveCfg = Release|Any CPU
		{52A1764E-1A57-445E-AEBE-BA3C71E74A15}.Release|x64.Build.0 = Release|Any CPU
		{52A1764E-1A57-445E-AEBE-BA3C71E74A15}.Release|x86.ActiveCfg = Release|Any CPU
		{52A1764E-1A57-445E-AEBE-BA3C71E74A15}.Release|x86.Build.0 = Release|Any CPU
		{2DB63A0E-61CD-4612-BB19-89A4A80D4FD0}.Debug|Any CPU.ActiveCfg = Debug|Any CPU
		{2DB63A0E-61CD-4612-BB19-89A4A80D4FD0}.Debug|Any CPU.Build.0 = Debug|Any CPU
		{2DB63A0E-61CD-4612-BB19-89A4A80D4FD0}.Debug|x64.ActiveCfg = Debug|Any CPU
		{2DB63A0E-61CD-4612-BB19-89A4A80D4FD0}.Debug|x64.Build.0 = Debug|Any CPU
		{2DB63A0E-61CD-4612-BB19-89A4A80D4FD0}.Debug|x86.ActiveCfg = Debug|Any CPU
		{2DB63A0E-61CD-4612-BB19-89A4A80D4FD0}.Debug|x86.Build.0 = Debug|Any CPU
		{2DB63A0E-61CD-4612-BB19-89A4A80D4FD0}.Release|Any CPU.ActiveCfg = Release|Any CPU
		{2DB63A0E-61CD-4612-BB19-89A4A80D4FD0}.Release|Any CPU.Build.0 = Release|Any CPU
		{2DB63A0E-61CD-4612-BB19-89A4A80D4FD0}.Release|x64.ActiveCfg = Release|Any CPU
		{2DB63A0E-61CD-4612-BB19-89A4A80D4FD0}.Release|x64.Build.0 = Release|Any CPU
		{2DB63A0E-61CD-4612-BB19-89A4A80D4FD0}.Release|x86.ActiveCfg = Release|Any CPU
		{2DB63A0E-61CD-4612-BB19-89A4A80D4FD0}.Release|x86.Build.0 = Release|Any CPU
	EndGlobalSection
	GlobalSection(SolutionProperties) = preSolution
		HideSolutionNode = FALSE
	EndGlobalSection
	GlobalSection(NestedProjects) = preSolution
		{19986886-4EBC-1937-E965-174EEE62B96F} = {4FD5FBA0-2B6D-9AF0-80AB-924D53C1394D}
		{5C969235-BD87-4F8B-9889-00DBF750F866} = {19986886-4EBC-1937-E965-174EEE62B96F}
		{0FA8522F-7782-4B04-B100-88EE9216FC72} = {BC32782B-3DC9-3934-259F-F436AC525407}
		{2E41F1A2-82D7-495A-A56E-4D44A9871667} = {BC32782B-3DC9-3934-259F-F436AC525407}
		{662163D1-159A-4579-91BA-7F807F2E5808} = {BC32782B-3DC9-3934-259F-F436AC525407}
		{52A1764E-1A57-445E-AEBE-BA3C71E74A15} = {BC32782B-3DC9-3934-259F-F436AC525407}
		{2DB63A0E-61CD-4612-BB19-89A4A80D4FD0} = {BC32782B-3DC9-3934-259F-F436AC525407}
	EndGlobalSection
	GlobalSection(ExtensibilityGlobals) = postSolution
		SolutionGuid = {D76FC739-F72E-45C0-899A-ACBF6B0B2C1D}
	EndGlobalSection
EndGlobal
